
Microsoft Visual Studio Solution File, Format Version 12.00
# Visual Studio 15
VisualStudioVersion = 15.0.27130.2003
MinimumVisualStudioVersion = 10.0.40219.1
Project("{8BC9CEB8-8B4A-11D0-8D11-00A0C91BC942}") = "proyecto", "proyecto\proyecto.vcxproj", "{D92217CE-AB6C-48E9-A854-2C17C66BAFA1}"
EndProject
Project("{2150E333-8FDC-42A3-9474-1A3956D46DE8}") = "Solution Items", "Solution Items", "{0D79656B-39A6-4F44-B1D0-08AF65F0C41A}"
	ProjectSection(SolutionItems) = preProject
		vertex.ver = vertex.ver
	EndProjectSection
EndProject
Project("{8BC9CEB8-8B4A-11D0-8D11-00A0C91BC942}") = "theCherno", "theCherno\theCherno.vcxproj", "{795272C0-CD13-4A24-BD6F-DF60B6DEBEFC}"
EndProject
Project("{8BC9CEB8-8B4A-11D0-8D11-00A0C91BC942}") = "Engine", "Engine\Engine.vcxproj", "{27BB4CC2-45DF-45FD-ADE9-E5D98A59FA74}"
EndProject
Project("{8BC9CEB8-8B4A-11D0-8D11-00A0C91BC942}") = "HelloTriangle", "HelloTriangle\HelloTriangle.vcxproj", "{DBE277AC-5A47-4548-BA73-0F17C371BF5E}"
EndProject
Project("{8BC9CEB8-8B4A-11D0-8D11-00A0C91BC942}") = "EngineNew", "Engine_Chems\Engine_Chems.vcxproj", "{1E922F88-3BFD-4DD7-BEC3-AB1B846FD7D7}"
EndProject
Project("{8BC9CEB8-8B4A-11D0-8D11-00A0C91BC942}") = "EnginePacMan", "Engine_PacMan\Engine_PacMan.vcxproj", "{878F1E04-9167-4775-B2D1-E15DADBC3CFA}"
EndProject
Project("{8BC9CEB8-8B4A-11D0-8D11-00A0C91BC942}") = "HelloQuad", "HelloQuad\HelloQuad.vcxproj", "{D893CBAE-860B-44BC-97FE-0CBBFEDFF6E3}"
EndProject
Project("{8BC9CEB8-8B4A-11D0-8D11-00A0C91BC942}") = "Cube", "Cube\Cube.vcxproj", "{33349431-AFF0-4E03-9DF0-F0FB407C603F}"
EndProject
Project("{8BC9CEB8-8B4A-11D0-8D11-00A0C91BC942}") = "TwoCubes", "TwoCubes\TwoCubes.vcxproj", "{4BDB2993-A9C1-4599-BF2E-53F44F5AC967}"
EndProject
Project("{8BC9CEB8-8B4A-11D0-8D11-00A0C91BC942}") = "Plane", "Plane\Plane.vcxproj", "{5FB44C98-5880-4E37-996A-5A23CE7D0B73}"
EndProject
Project("{8BC9CEB8-8B4A-11D0-8D11-00A0C91BC942}") = "GouraudShading", "GouraudShading\GouraudShading.vcxproj", "{5325269A-C726-4E64-A946-A768C512DBEC}"
EndProject
Project("{8BC9CEB8-8B4A-11D0-8D11-00A0C91BC942}") = "IlluminacionParametrizada", "IluminacionParametrizada\IluminacionParametrizada.vcxproj", "{5AB18E60-6D92-471B-9347-70C2C43C6106}"
EndProject
Project("{8BC9CEB8-8B4A-11D0-8D11-00A0C91BC942}") = "Tex2d", "Tex2d\Tex2d.vcxproj", "{6DB68FBB-C741-450A-BDFB-1D5CC32FD50F}"
EndProject
Project("{8BC9CEB8-8B4A-11D0-8D11-00A0C91BC942}") = "PlanoTextura", "PlanoTextura\PlanoTextura.vcxproj", "{CE16C174-A53F-4DAF-BAE8-F05E2A91A612}"
EndProject
Global
	GlobalSection(SolutionConfigurationPlatforms) = preSolution
		Debug|x64 = Debug|x64
		Debug|x86 = Debug|x86
		Release|x64 = Release|x64
		Release|x86 = Release|x86
	EndGlobalSection
	GlobalSection(ProjectConfigurationPlatforms) = postSolution
		{D92217CE-AB6C-48E9-A854-2C17C66BAFA1}.Debug|x64.ActiveCfg = Debug|x64
		{D92217CE-AB6C-48E9-A854-2C17C66BAFA1}.Debug|x64.Build.0 = Debug|x64
		{D92217CE-AB6C-48E9-A854-2C17C66BAFA1}.Debug|x86.ActiveCfg = Debug|Win32
		{D92217CE-AB6C-48E9-A854-2C17C66BAFA1}.Debug|x86.Build.0 = Debug|Win32
		{D92217CE-AB6C-48E9-A854-2C17C66BAFA1}.Release|x64.ActiveCfg = Release|x64
		{D92217CE-AB6C-48E9-A854-2C17C66BAFA1}.Release|x64.Build.0 = Release|x64
		{D92217CE-AB6C-48E9-A854-2C17C66BAFA1}.Release|x86.ActiveCfg = Release|Win32
		{D92217CE-AB6C-48E9-A854-2C17C66BAFA1}.Release|x86.Build.0 = Release|Win32
		{795272C0-CD13-4A24-BD6F-DF60B6DEBEFC}.Debug|x64.ActiveCfg = Debug|x64
		{795272C0-CD13-4A24-BD6F-DF60B6DEBEFC}.Debug|x64.Build.0 = Debug|x64
		{795272C0-CD13-4A24-BD6F-DF60B6DEBEFC}.Debug|x86.ActiveCfg = Debug|Win32
		{795272C0-CD13-4A24-BD6F-DF60B6DEBEFC}.Debug|x86.Build.0 = Debug|Win32
		{795272C0-CD13-4A24-BD6F-DF60B6DEBEFC}.Release|x64.ActiveCfg = Release|x64
		{795272C0-CD13-4A24-BD6F-DF60B6DEBEFC}.Release|x64.Build.0 = Release|x64
		{795272C0-CD13-4A24-BD6F-DF60B6DEBEFC}.Release|x86.ActiveCfg = Release|Win32
		{795272C0-CD13-4A24-BD6F-DF60B6DEBEFC}.Release|x86.Build.0 = Release|Win32
		{27BB4CC2-45DF-45FD-ADE9-E5D98A59FA74}.Debug|x64.ActiveCfg = Debug|x64
		{27BB4CC2-45DF-45FD-ADE9-E5D98A59FA74}.Debug|x64.Build.0 = Debug|x64
		{27BB4CC2-45DF-45FD-ADE9-E5D98A59FA74}.Debug|x86.ActiveCfg = Debug|Win32
		{27BB4CC2-45DF-45FD-ADE9-E5D98A59FA74}.Debug|x86.Build.0 = Debug|Win32
		{27BB4CC2-45DF-45FD-ADE9-E5D98A59FA74}.Release|x64.ActiveCfg = Release|x64
		{27BB4CC2-45DF-45FD-ADE9-E5D98A59FA74}.Release|x64.Build.0 = Release|x64
		{27BB4CC2-45DF-45FD-ADE9-E5D98A59FA74}.Release|x86.ActiveCfg = Release|Win32
		{27BB4CC2-45DF-45FD-ADE9-E5D98A59FA74}.Release|x86.Build.0 = Release|Win32
		{DBE277AC-5A47-4548-BA73-0F17C371BF5E}.Debug|x64.ActiveCfg = Debug|x64
		{DBE277AC-5A47-4548-BA73-0F17C371BF5E}.Debug|x64.Build.0 = Debug|x64
		{DBE277AC-5A47-4548-BA73-0F17C371BF5E}.Debug|x86.ActiveCfg = Debug|Win32
		{DBE277AC-5A47-4548-BA73-0F17C371BF5E}.Debug|x86.Build.0 = Debug|Win32
		{DBE277AC-5A47-4548-BA73-0F17C371BF5E}.Release|x64.ActiveCfg = Release|x64
		{DBE277AC-5A47-4548-BA73-0F17C371BF5E}.Release|x64.Build.0 = Release|x64
		{DBE277AC-5A47-4548-BA73-0F17C371BF5E}.Release|x86.ActiveCfg = Release|Win32
		{DBE277AC-5A47-4548-BA73-0F17C371BF5E}.Release|x86.Build.0 = Release|Win32
		{1E922F88-3BFD-4DD7-BEC3-AB1B846FD7D7}.Debug|x64.ActiveCfg = Debug|x64
		{1E922F88-3BFD-4DD7-BEC3-AB1B846FD7D7}.Debug|x64.Build.0 = Debug|x64
		{1E922F88-3BFD-4DD7-BEC3-AB1B846FD7D7}.Debug|x86.ActiveCfg = Debug|Win32
		{1E922F88-3BFD-4DD7-BEC3-AB1B846FD7D7}.Debug|x86.Build.0 = Debug|Win32
		{1E922F88-3BFD-4DD7-BEC3-AB1B846FD7D7}.Release|x64.ActiveCfg = Release|x64
		{1E922F88-3BFD-4DD7-BEC3-AB1B846FD7D7}.Release|x64.Build.0 = Release|x64
		{1E922F88-3BFD-4DD7-BEC3-AB1B846FD7D7}.Release|x86.ActiveCfg = Release|Win32
		{1E922F88-3BFD-4DD7-BEC3-AB1B846FD7D7}.Release|x86.Build.0 = Release|Win32
		{878F1E04-9167-4775-B2D1-E15DADBC3CFA}.Debug|x64.ActiveCfg = Debug|x64
		{878F1E04-9167-4775-B2D1-E15DADBC3CFA}.Debug|x64.Build.0 = Debug|x64
		{878F1E04-9167-4775-B2D1-E15DADBC3CFA}.Debug|x86.ActiveCfg = Debug|Win32
		{878F1E04-9167-4775-B2D1-E15DADBC3CFA}.Debug|x86.Build.0 = Debug|Win32
		{878F1E04-9167-4775-B2D1-E15DADBC3CFA}.Release|x64.ActiveCfg = Release|x64
		{878F1E04-9167-4775-B2D1-E15DADBC3CFA}.Release|x64.Build.0 = Release|x64
		{878F1E04-9167-4775-B2D1-E15DADBC3CFA}.Release|x86.ActiveCfg = Release|Win32
		{878F1E04-9167-4775-B2D1-E15DADBC3CFA}.Release|x86.Build.0 = Release|Win32
		{D893CBAE-860B-44BC-97FE-0CBBFEDFF6E3}.Debug|x64.ActiveCfg = Debug|x64
		{D893CBAE-860B-44BC-97FE-0CBBFEDFF6E3}.Debug|x64.Build.0 = Debug|x64
		{D893CBAE-860B-44BC-97FE-0CBBFEDFF6E3}.Debug|x86.ActiveCfg = Debug|Win32
		{D893CBAE-860B-44BC-97FE-0CBBFEDFF6E3}.Debug|x86.Build.0 = Debug|Win32
		{D893CBAE-860B-44BC-97FE-0CBBFEDFF6E3}.Release|x64.ActiveCfg = Release|x64
		{D893CBAE-860B-44BC-97FE-0CBBFEDFF6E3}.Release|x64.Build.0 = Release|x64
		{D893CBAE-860B-44BC-97FE-0CBBFEDFF6E3}.Release|x86.ActiveCfg = Release|Win32
		{D893CBAE-860B-44BC-97FE-0CBBFEDFF6E3}.Release|x86.Build.0 = Release|Win32
		{33349431-AFF0-4E03-9DF0-F0FB407C603F}.Debug|x64.ActiveCfg = Debug|x64
		{33349431-AFF0-4E03-9DF0-F0FB407C603F}.Debug|x64.Build.0 = Debug|x64
		{33349431-AFF0-4E03-9DF0-F0FB407C603F}.Debug|x86.ActiveCfg = Debug|Win32
		{33349431-AFF0-4E03-9DF0-F0FB407C603F}.Debug|x86.Build.0 = Debug|Win32
		{33349431-AFF0-4E03-9DF0-F0FB407C603F}.Release|x64.ActiveCfg = Release|x64
		{33349431-AFF0-4E03-9DF0-F0FB407C603F}.Release|x64.Build.0 = Release|x64
		{33349431-AFF0-4E03-9DF0-F0FB407C603F}.Release|x86.ActiveCfg = Release|Win32
		{33349431-AFF0-4E03-9DF0-F0FB407C603F}.Release|x86.Build.0 = Release|Win32
		{4BDB2993-A9C1-4599-BF2E-53F44F5AC967}.Debug|x64.ActiveCfg = Debug|x64
		{4BDB2993-A9C1-4599-BF2E-53F44F5AC967}.Debug|x64.Build.0 = Debug|x64
		{4BDB2993-A9C1-4599-BF2E-53F44F5AC967}.Debug|x86.ActiveCfg = Debug|Win32
		{4BDB2993-A9C1-4599-BF2E-53F44F5AC967}.Debug|x86.Build.0 = Debug|Win32
		{4BDB2993-A9C1-4599-BF2E-53F44F5AC967}.Release|x64.ActiveCfg = Release|x64
		{4BDB2993-A9C1-4599-BF2E-53F44F5AC967}.Release|x64.Build.0 = Release|x64
		{4BDB2993-A9C1-4599-BF2E-53F44F5AC967}.Release|x86.ActiveCfg = Release|Win32
		{4BDB2993-A9C1-4599-BF2E-53F44F5AC967}.Release|x86.Build.0 = Release|Win32
		{5FB44C98-5880-4E37-996A-5A23CE7D0B73}.Debug|x64.ActiveCfg = Debug|x64
		{5FB44C98-5880-4E37-996A-5A23CE7D0B73}.Debug|x64.Build.0 = Debug|x64
		{5FB44C98-5880-4E37-996A-5A23CE7D0B73}.Debug|x86.ActiveCfg = Debug|Win32
		{5FB44C98-5880-4E37-996A-5A23CE7D0B73}.Debug|x86.Build.0 = Debug|Win32
		{5FB44C98-5880-4E37-996A-5A23CE7D0B73}.Release|x64.ActiveCfg = Release|x64
		{5FB44C98-5880-4E37-996A-5A23CE7D0B73}.Release|x64.Build.0 = Release|x64
		{5FB44C98-5880-4E37-996A-5A23CE7D0B73}.Release|x86.ActiveCfg = Release|Win32
		{5FB44C98-5880-4E37-996A-5A23CE7D0B73}.Release|x86.Build.0 = Release|Win32
		{5325269A-C726-4E64-A946-A768C512DBEC}.Debug|x64.ActiveCfg = Debug|x64
		{5325269A-C726-4E64-A946-A768C512DBEC}.Debug|x64.Build.0 = Debug|x64
		{5325269A-C726-4E64-A946-A768C512DBEC}.Debug|x86.ActiveCfg = Debug|Win32
		{5325269A-C726-4E64-A946-A768C512DBEC}.Debug|x86.Build.0 = Debug|Win32
		{5325269A-C726-4E64-A946-A768C512DBEC}.Release|x64.ActiveCfg = Release|x64
		{5325269A-C726-4E64-A946-A768C512DBEC}.Release|x64.Build.0 = Release|x64
		{5325269A-C726-4E64-A946-A768C512DBEC}.Release|x86.ActiveCfg = Release|Win32
		{5325269A-C726-4E64-A946-A768C512DBEC}.Release|x86.Build.0 = Release|Win32
		{5AB18E60-6D92-471B-9347-70C2C43C6106}.Debug|x64.ActiveCfg = Debug|x64
		{5AB18E60-6D92-471B-9347-70C2C43C6106}.Debug|x64.Build.0 = Debug|x64
		{5AB18E60-6D92-471B-9347-70C2C43C6106}.Debug|x86.ActiveCfg = Debug|Win32
		{5AB18E60-6D92-471B-9347-70C2C43C6106}.Debug|x86.Build.0 = Debug|Win32
		{5AB18E60-6D92-471B-9347-70C2C43C6106}.Release|x64.ActiveCfg = Release|x64
		{5AB18E60-6D92-471B-9347-70C2C43C6106}.Release|x64.Build.0 = Release|x64
		{5AB18E60-6D92-471B-9347-70C2C43C6106}.Release|x86.ActiveCfg = Release|Win32
		{5AB18E60-6D92-471B-9347-70C2C43C6106}.Release|x86.Build.0 = Release|Win32
		{6DB68FBB-C741-450A-BDFB-1D5CC32FD50F}.Debug|x64.ActiveCfg = Debug|x64
		{6DB68FBB-C741-450A-BDFB-1D5CC32FD50F}.Debug|x64.Build.0 = Debug|x64
		{6DB68FBB-C741-450A-BDFB-1D5CC32FD50F}.Debug|x86.ActiveCfg = Debug|Win32
		{6DB68FBB-C741-450A-BDFB-1D5CC32FD50F}.Debug|x86.Build.0 = Debug|Win32
		{6DB68FBB-C741-450A-BDFB-1D5CC32FD50F}.Release|x64.ActiveCfg = Release|x64
		{6DB68FBB-C741-450A-BDFB-1D5CC32FD50F}.Release|x64.Build.0 = Release|x64
		{6DB68FBB-C741-450A-BDFB-1D5CC32FD50F}.Release|x86.ActiveCfg = Release|Win32
		{6DB68FBB-C741-450A-BDFB-1D5CC32FD50F}.Release|x86.Build.0 = Release|Win32
		{CE16C174-A53F-4DAF-BAE8-F05E2A91A612}.Debug|x64.ActiveCfg = Debug|x64
		{CE16C174-A53F-4DAF-BAE8-F05E2A91A612}.Debug|x64.Build.0 = Debug|x64
		{CE16C174-A53F-4DAF-BAE8-F05E2A91A612}.Debug|x86.ActiveCfg = Debug|Win32
		{CE16C174-A53F-4DAF-BAE8-F05E2A91A612}.Debug|x86.Build.0 = Debug|Win32
		{CE16C174-A53F-4DAF-BAE8-F05E2A91A612}.Release|x64.ActiveCfg = Release|x64
		{CE16C174-A53F-4DAF-BAE8-F05E2A91A612}.Release|x64.Build.0 = Release|x64
		{CE16C174-A53F-4DAF-BAE8-F05E2A91A612}.Release|x86.ActiveCfg = Release|Win32
		{CE16C174-A53F-4DAF-BAE8-F05E2A91A612}.Release|x86.Build.0 = Release|Win32
	EndGlobalSection
	GlobalSection(SolutionProperties) = preSolution
		HideSolutionNode = FALSE
	EndGlobalSection
	GlobalSection(ExtensibilityGlobals) = postSolution
		SolutionGuid = {17049EAE-58A5-483C-A10B-2EC6350ECF6B}
	EndGlobalSection
EndGlobal
